// !$*UTF8*$!
{
	archiveVersion = 1;
	classes = {
	};
	objectVersion = 50;
	objects = {

/* Begin PBXBuildFile section */
		61F7D60C24C9C34E007206ED /* AppDelegate.swift in Sources */ = {isa = PBXBuildFile; fileRef = 61F7D60B24C9C34E007206ED /* AppDelegate.swift */; };
		61F7D60E24C9C34E007206ED /* SceneDelegate.swift in Sources */ = {isa = PBXBuildFile; fileRef = 61F7D60D24C9C34E007206ED /* SceneDelegate.swift */; };
		61F7D61324C9C34E007206ED /* Main.storyboard in Resources */ = {isa = PBXBuildFile; fileRef = 61F7D61124C9C34E007206ED /* Main.storyboard */; };
		61F7D61524C9C350007206ED /* Assets.xcassets in Resources */ = {isa = PBXBuildFile; fileRef = 61F7D61424C9C350007206ED /* Assets.xcassets */; };
		61F7D61824C9C350007206ED /* LaunchScreen.storyboard in Resources */ = {isa = PBXBuildFile; fileRef = 61F7D61624C9C350007206ED /* LaunchScreen.storyboard */; };
		61F7D62124C9D692007206ED /* WeatherListTableViewController.swift in Sources */ = {isa = PBXBuildFile; fileRef = 61F7D62024C9D692007206ED /* WeatherListTableViewController.swift */; };
		61F7D62324C9D6EE007206ED /* AddWeatherCityViewController.swift in Sources */ = {isa = PBXBuildFile; fileRef = 61F7D62224C9D6EE007206ED /* AddWeatherCityViewController.swift */; };
		61F7D62624C9DB4E007206ED /* WeatherCell.swift in Sources */ = {isa = PBXBuildFile; fileRef = 61F7D62524C9DB4E007206ED /* WeatherCell.swift */; };
		61F7D62924C9F6B0007206ED /* WebServices.swift in Sources */ = {isa = PBXBuildFile; fileRef = 61F7D62824C9F6B0007206ED /* WebServices.swift */; };
/* End PBXBuildFile section */

/* Begin PBXFileReference section */
		61F7D60824C9C34E007206ED /* GoodWeatherMVVM.app */ = {isa = PBXFileReference; explicitFileType = wrapper.application; includeInIndex = 0; path = GoodWeatherMVVM.app; sourceTree = BUILT_PRODUCTS_DIR; };
		61F7D60B24C9C34E007206ED /* AppDelegate.swift */ = {isa = PBXFileReference; lastKnownFileType = sourcecode.swift; path = AppDelegate.swift; sourceTree = "<group>"; };
		61F7D60D24C9C34E007206ED /* SceneDelegate.swift */ = {isa = PBXFileReference; lastKnownFileType = sourcecode.swift; path = SceneDelegate.swift; sourceTree = "<group>"; };
		61F7D61224C9C34E007206ED /* Base */ = {isa = PBXFileReference; lastKnownFileType = file.storyboard; name = Base; path = Base.lproj/Main.storyboard; sourceTree = "<group>"; };
		61F7D61424C9C350007206ED /* Assets.xcassets */ = {isa = PBXFileReference; lastKnownFileType = folder.assetcatalog; path = Assets.xcassets; sourceTree = "<group>"; };
		61F7D61724C9C350007206ED /* Base */ = {isa = PBXFileReference; lastKnownFileType = file.storyboard; name = Base; path = Base.lproj/LaunchScreen.storyboard; sourceTree = "<group>"; };
		61F7D61924C9C350007206ED /* Info.plist */ = {isa = PBXFileReference; lastKnownFileType = text.plist.xml; path = Info.plist; sourceTree = "<group>"; };
		61F7D62024C9D692007206ED /* WeatherListTableViewController.swift */ = {isa = PBXFileReference; lastKnownFileType = sourcecode.swift; path = WeatherListTableViewController.swift; sourceTree = "<group>"; };
		61F7D62224C9D6EE007206ED /* AddWeatherCityViewController.swift */ = {isa = PBXFileReference; lastKnownFileType = sourcecode.swift; path = AddWeatherCityViewController.swift; sourceTree = "<group>"; };
		61F7D62524C9DB4E007206ED /* WeatherCell.swift */ = {isa = PBXFileReference; lastKnownFileType = sourcecode.swift; path = WeatherCell.swift; sourceTree = "<group>"; };
		61F7D62824C9F6B0007206ED /* WebServices.swift */ = {isa = PBXFileReference; lastKnownFileType = sourcecode.swift; path = WebServices.swift; sourceTree = "<group>"; };
/* End PBXFileReference section */

/* Begin PBXFrameworksBuildPhase section */
		61F7D60524C9C34E007206ED /* Frameworks */ = {
			isa = PBXFrameworksBuildPhase;
			buildActionMask = 2147483647;
			files = (
			);
			runOnlyForDeploymentPostprocessing = 0;
		};
/* End PBXFrameworksBuildPhase section */

/* Begin PBXGroup section */
		61F7D5FF24C9C34E007206ED = {
			isa = PBXGroup;
			children = (
				61F7D60A24C9C34E007206ED /* GoodWeatherMVVM */,
				61F7D60924C9C34E007206ED /* Products */,
			);
			sourceTree = "<group>";
		};
		61F7D60924C9C34E007206ED /* Products */ = {
			isa = PBXGroup;
			children = (
				61F7D60824C9C34E007206ED /* GoodWeatherMVVM.app */,
			);
			name = Products;
			sourceTree = "<group>";
		};
		61F7D60A24C9C34E007206ED /* GoodWeatherMVVM */ = {
			isa = PBXGroup;
			children = (
				61F7D62724C9F694007206ED /* Services */,
				61F7D62424C9DB14007206ED /* Custom Cells */,
				61F7D61F24C9D66C007206ED /* Controllers */,
				61F7D60B24C9C34E007206ED /* AppDelegate.swift */,
				61F7D60D24C9C34E007206ED /* SceneDelegate.swift */,
				61F7D61124C9C34E007206ED /* Main.storyboard */,
				61F7D61424C9C350007206ED /* Assets.xcassets */,
				61F7D61624C9C350007206ED /* LaunchScreen.storyboard */,
				61F7D61924C9C350007206ED /* Info.plist */,
			);
			path = GoodWeatherMVVM;
			sourceTree = "<group>";
		};
		61F7D61F24C9D66C007206ED /* Controllers */ = {
			isa = PBXGroup;
			children = (
				61F7D62024C9D692007206ED /* WeatherListTableViewController.swift */,
				61F7D62224C9D6EE007206ED /* AddWeatherCityViewController.swift */,
			);
			path = Controllers;
			sourceTree = "<group>";
		};
		61F7D62424C9DB14007206ED /* Custom Cells */ = {
			isa = PBXGroup;
			children = (
				61F7D62524C9DB4E007206ED /* WeatherCell.swift */,
			);
			path = "Custom Cells";
			sourceTree = "<group>";
		};
		61F7D62724C9F694007206ED /* Services */ = {
			isa = PBXGroup;
			children = (
				61F7D62824C9F6B0007206ED /* WebServices.swift */,
			);
			path = Services;
			sourceTree = "<group>";
		};
/* End PBXGroup section */

/* Begin PBXNativeTarget section */
		61F7D60724C9C34E007206ED /* GoodWeatherMVVM */ = {
			isa = PBXNativeTarget;
			buildConfigurationList = 61F7D61C24C9C350007206ED /* Build configuration list for PBXNativeTarget "GoodWeatherMVVM" */;
			buildPhases = (
				61F7D60424C9C34E007206ED /* Sources */,
				61F7D60524C9C34E007206ED /* Frameworks */,
				61F7D60624C9C34E007206ED /* Resources */,
			);
			buildRules = (
			);
			dependencies = (
			);
			name = GoodWeatherMVVM;
			productName = GoodWeatherMVVM;
			productReference = 61F7D60824C9C34E007206ED /* GoodWeatherMVVM.app */;
			productType = "com.apple.product-type.application";
		};
/* End PBXNativeTarget section */

/* Begin PBXProject section */
		61F7D60024C9C34E007206ED /* Project object */ = {
			isa = PBXProject;
			attributes = {
				LastSwiftUpdateCheck = 1130;
				LastUpgradeCheck = 1130;
				ORGANIZATIONNAME = "mohamed  habib";
				TargetAttributes = {
					61F7D60724C9C34E007206ED = {
						CreatedOnToolsVersion = 11.3.1;
					};
				};
			};
			buildConfigurationList = 61F7D60324C9C34E007206ED /* Build configuration list for PBXProject "GoodWeatherMVVM" */;
			compatibilityVersion = "Xcode 9.3";
			developmentRegion = en;
			hasScannedForEncodings = 0;
			knownRegions = (
				en,
				Base,
			);
			mainGroup = 61F7D5FF24C9C34E007206ED;
			productRefGroup = 61F7D60924C9C34E007206ED /* Products */;
			projectDirPath = "";
			projectRoot = "";
			targets = (
				61F7D60724C9C34E007206ED /* GoodWeatherMVVM */,
			);
		};
/* End PBXProject section */

/* Begin PBXResourcesBuildPhase section */
		61F7D60624C9C34E007206ED /* Resources */ = {
			isa = PBXResourcesBuildPhase;
			buildActionMask = 2147483647;
			files = (
				61F7D61824C9C350007206ED /* LaunchScreen.storyboard in Resources */,
				61F7D61524C9C350007206ED /* Assets.xcassets in Resources */,
				61F7D61324C9C34E007206ED /* Main.storyboard in Resources */,
			);
			runOnlyForDeploymentPostprocessing = 0;
		};
/* End PBXResourcesBuildPhase section */

/* Begin PBXSourcesBuildPhase section */
		61F7D60424C9C34E007206ED /* Sources */ = {
			isa = PBXSourcesBuildPhase;
			buildActionMask = 2147483647;
			files = (
				61F7D62124C9D692007206ED /* WeatherListTableViewController.swift in Sources */,
				61F7D60C24C9C34E007206ED /* AppDelegate.swift in Sources */,
				61F7D62924C9F6B0007206ED /* WebServices.swift in Sources */,
				61F7D62624C9DB4E007206ED /* WeatherCell.swift in Sources */,
				61F7D62324C9D6EE007206ED /* AddWeatherCityViewController.swift in Sources */,
				61F7D60E24C9C34E007206ED /* SceneDelegate.swift in Sources */,
			);
			runOnlyForDeploymentPostprocessing = 0;
		};
/* End PBXSourcesBuildPhase section */

/* Begin PBXVariantGroup section */
		61F7D61124C9C34E007206ED /* Main.storyboard */ = {
			isa = PBXVariantGroup;
			children = (
				61F7D61224C9C34E007206ED /* Base */,
			);
			name = Main.storyboard;
			sourceTree = "<group>";
		};
		61F7D61624C9C350007206ED /* LaunchScreen.storyboard */ = {
			isa = PBXVariantGroup;
			children = (
				61F7D61724C9C350007206ED /* Base */,
			);
			name = LaunchScreen.storyboard;
			sourceTree = "<group>";
		};
/* End PBXVariantGroup section */

/* Begin XCBuildConfiguration section */
		61F7D61A24C9C350007206ED /* Debug */ = {
			isa = XCBuildConfiguration;
			buildSettings = {
				ALWAYS_SEARCH_USER_PATHS = NO;
				CLANG_ANALYZER_NONNULL = YES;
				CLANG_ANALYZER_NUMBER_OBJECT_CONVERSION = YES_AGGRESSIVE;
				CLANG_CXX_LANGUAGE_STANDARD = "gnu++14";
				CLANG_CXX_LIBRARY = "libc++";
				CLANG_ENABLE_MODULES = YES;
				CLANG_ENABLE_OBJC_ARC = YES;
				CLANG_ENABLE_OBJC_WEAK = YES;
				CLANG_WARN_BLOCK_CAPTURE_AUTORELEASING = YES;
				CLANG_WARN_BOOL_CONVERSION = YES;
				CLANG_WARN_COMMA = YES;
				CLANG_WARN_CONSTANT_CONVERSION = YES;
				CLANG_WARN_DEPRECATED_OBJC_IMPLEMENTATIONS = YES;
				CLANG_WARN_DIRECT_OBJC_ISA_USAGE = YES_ERROR;
				CLANG_WARN_DOCUMENTATION_COMMENTS = YES;
				CLANG_WARN_EMPTY_BODY = YES;
				CLANG_WARN_ENUM_CONVERSION = YES;
				CLANG_WARN_INFINITE_RECURSION = YES;
				CLANG_WARN_INT_CONVERSION = YES;
				CLANG_WARN_NON_LITERAL_NULL_CONVERSION = YES;
				CLANG_WARN_OBJC_IMPLICIT_RETAIN_SELF = YES;
				CLANG_WARN_OBJC_LITERAL_CONVERSION = YES;
				CLANG_WARN_OBJC_ROOT_CLASS = YES_ERROR;
				CLANG_WARN_RANGE_LOOP_ANALYSIS = YES;
				CLANG_WARN_STRICT_PROTOTYPES = YES;
				CLANG_WARN_SUSPICIOUS_MOVE = YES;
				CLANG_WARN_UNGUARDED_AVAILABILITY = YES_AGGRESSIVE;
				CLANG_WARN_UNREACHABLE_CODE = YES;
				CLANG_WARN__DUPLICATE_METHOD_MATCH = YES;
				COPY_PHASE_STRIP = NO;
				DEBUG_INFORMATION_FORMAT = dwarf;
				ENABLE_STRICT_OBJC_MSGSEND = YES;
				ENABLE_TESTABILITY = YES;
				GCC_C_LANGUAGE_STANDARD = gnu11;
				GCC_DYNAMIC_NO_PIC = NO;
				GCC_NO_COMMON_BLOCKS = YES;
				GCC_OPTIMIZATION_LEVEL = 0;
				GCC_PREPROCESSOR_DEFINITIONS = (
					"DEBUG=1",
					"$(inherited)",
				);
				GCC_WARN_64_TO_32_BIT_CONVERSION = YES;
				GCC_WARN_ABOUT_RETURN_TYPE = YES_ERROR;
				GCC_WARN_UNDECLARED_SELECTOR = YES;
				GCC_WARN_UNINITIALIZED_AUTOS = YES_AGGRESSIVE;
				GCC_WARN_UNUSED_FUNCTION = YES;
				GCC_WARN_UNUSED_VARIABLE = YES;
				IPHONEOS_DEPLOYMENT_TARGET = 13.2;
				MTL_ENABLE_DEBUG_INFO = INCLUDE_SOURCE;
				MTL_FAST_MATH = YES;
				ONLY_ACTIVE_ARCH = YES;
				SDKROOT = iphoneos;
				SWIFT_ACTIVE_COMPILATION_CONDITIONS = DEBUG;
				SWIFT_OPTIMIZATION_LEVEL = "-Onone";
			};
			name = Debug;
		};
		61F7D61B24C9C350007206ED /* Release */ = {
			isa = XCBuildConfiguration;
			buildSettings = {
				ALWAYS_SEARCH_USER_PATHS = NO;
				CLANG_ANALYZER_NONNULL = YES;
				CLANG_ANALYZER_NUMBER_OBJECT_CONVERSION = YES_AGGRESSIVE;
				CLANG_CXX_LANGUAGE_STANDARD = "gnu++14";
				CLANG_CXX_LIBRARY = "libc++";
				CLANG_ENABLE_MODULES = YES;
				CLANG_ENABLE_OBJC_ARC = YES;
				CLANG_ENABLE_OBJC_WEAK = YES;
				CLANG_WARN_BLOCK_CAPTURE_AUTORELEASING = YES;
				CLANG_WARN_BOOL_CONVERSION = YES;
				CLANG_WARN_COMMA = YES;
				CLANG_WARN_CONSTANT_CONVERSION = YES;
				CLANG_WARN_DEPRECATED_OBJC_IMPLEMENTATIONS = YES;
				CLANG_WARN_DIRECT_OBJC_ISA_USAGE = YES_ERROR;
				CLANG_WARN_DOCUMENTATION_COMMENTS = YES;
				CLANG_WARN_EMPTY_BODY = YES;
				CLANG_WARN_ENUM_CONVERSION = YES;
				CLANG_WARN_INFINITE_RECURSION = YES;
				CLANG_WARN_INT_CONVERSION = YES;
				CLANG_WARN_NON_LITERAL_NULL_CONVERSION = YES;
				CLANG_WARN_OBJC_IMPLICIT_RETAIN_SELF = YES;
				CLANG_WARN_OBJC_LITERAL_CONVERSION = YES;
				CLANG_WARN_OBJC_ROOT_CLASS = YES_ERROR;
				CLANG_WARN_RANGE_LOOP_ANALYSIS = YES;
				CLANG_WARN_STRICT_PROTOTYPES = YES;
				CLANG_WARN_SUSPICIOUS_MOVE = YES;
				CLANG_WARN_UNGUARDED_AVAILABILITY = YES_AGGRESSIVE;
				CLANG_WARN_UNREACHABLE_CODE = YES;
				CLANG_WARN__DUPLICATE_METHOD_MATCH = YES;
				COPY_PHASE_STRIP = NO;
				DEBUG_INFORMATION_FORMAT = "dwarf-with-dsym";
				ENABLE_NS_ASSERTIONS = NO;
				ENABLE_STRICT_OBJC_MSGSEND = YES;
				GCC_C_LANGUAGE_STANDARD = gnu11;
				GCC_NO_COMMON_BLOCKS = YES;
				GCC_WARN_64_TO_32_BIT_CONVERSION = YES;
				GCC_WARN_ABOUT_RETURN_TYPE = YES_ERROR;
				GCC_WARN_UNDECLARED_SELECTOR = YES;
				GCC_WARN_UNINITIALIZED_AUTOS = YES_AGGRESSIVE;
				GCC_WARN_UNUSED_FUNCTION = YES;
				GCC_WARN_UNUSED_VARIABLE = YES;
				IPHONEOS_DEPLOYMENT_TARGET = 13.2;
				MTL_ENABLE_DEBUG_INFO = NO;
				MTL_FAST_MATH = YES;
				SDKROOT = iphoneos;
				SWIFT_COMPILATION_MODE = wholemodule;
				SWIFT_OPTIMIZATION_LEVEL = "-O";
				VALIDATE_PRODUCT = YES;
			};
			name = Release;
		};
		61F7D61D24C9C350007206ED /* Debug */ = {
			isa = XCBuildConfiguration;
			buildSettings = {
				ASSETCATALOG_COMPILER_APPICON_NAME = AppIcon;
				CODE_SIGN_STYLE = Automatic;
				DEVELOPMENT_TEAM = W4M7279BBQ;
				INFOPLIST_FILE = GoodWeatherMVVM/Info.plist;
				LD_RUNPATH_SEARCH_PATHS = (
					"$(inherited)",
					"@executable_path/Frameworks",
				);
				PRODUCT_BUNDLE_IDENTIFIER = jaberi.GoodWeatherMVVM;
				PRODUCT_NAME = "$(TARGET_NAME)";
				SWIFT_VERSION = 5.0;
				TARGETED_DEVICE_FAMILY = "1,2";
			};
			name = Debug;
		};
		61F7D61E24C9C350007206ED /* Release */ = {
			isa = XCBuildConfiguration;
			buildSettings = {
				ASSETCATALOG_COMPILER_APPICON_NAME = AppIcon;
				CODE_SIGN_STYLE = Automatic;
				DEVELOPMENT_TEAM = W4M7279BBQ;
				INFOPLIST_FILE = GoodWeatherMVVM/Info.plist;
				LD_RUNPATH_SEARCH_PATHS = (
					"$(inherited)",
					"@executable_path/Frameworks",
				);
				PRODUCT_BUNDLE_IDENTIFIER = jaberi.GoodWeatherMVVM;
				PRODUCT_NAME = "$(TARGET_NAME)";
				SWIFT_VERSION = 5.0;
				TARGETED_DEVICE_FAMILY = "1,2";
			};
			name = Release;
		};
/* End XCBuildConfiguration section */

/* Begin XCConfigurationList section */
		61F7D60324C9C34E007206ED /* Build configuration list for PBXProject "GoodWeatherMVVM" */ = {
			isa = XCConfigurationList;
			buildConfigurations = (
				61F7D61A24C9C350007206ED /* Debug */,
				61F7D61B24C9C350007206ED /* Release */,
			);
			defaultConfigurationIsVisible = 0;
			defaultConfigurationName = Release;
		};
		61F7D61C24C9C350007206ED /* Build configuration list for PBXNativeTarget "GoodWeatherMVVM" */ = {
			isa = XCConfigurationList;
			buildConfigurations = (
				61F7D61D24C9C350007206ED /* Debug */,
				61F7D61E24C9C350007206ED /* Release */,
			);
			defaultConfigurationIsVisible = 0;
			defaultConfigurationName = Release;
		};
/* End XCConfigurationList section */
	};
	rootObject = 61F7D60024C9C34E007206ED /* Project object */;
}
